
Microsoft Visual Studio Solution File, Format Version 12.00
# Visual Studio Version 17
VisualStudioVersion = 17.4.33213.308
MinimumVisualStudioVersion = 10.0.40219.1
Project("{FAE04EC0-301F-11D3-BF4B-00C04F79EFBC}") = "MyVector", "MyVector.csproj", "{36A23527-3BA1-4A14-91D3-52DD0F346963}"
EndProject
Global
	GlobalSection(SolutionConfigurationPlatforms) = preSolution
		Debug|Any CPU = Debug|Any CPU
		Release|Any CPU = Release|Any CPU
	EndGlobalSection
	GlobalSection(ProjectConfigurationPlatforms) = postSolution
		{36A23527-3BA1-4A14-91D3-52DD0F346963}.Debug|Any CPU.ActiveCfg = Debug|Any CPU
		{36A23527-3BA1-4A14-91D3-52DD0F346963}.Debug|Any CPU.Build.0 = Debug|Any CPU
		{36A23527-3BA1-4A14-91D3-52DD0F346963}.Release|Any CPU.ActiveCfg = Release|Any CPU
		{36A23527-3BA1-4A14-91D3-52DD0F346963}.Release|Any CPU.Build.0 = Release|Any CPU
	EndGlobalSection
	GlobalSection(SolutionProperties) = preSolution
		HideSolutionNode = FALSE
	EndGlobalSection
	GlobalSection(ExtensibilityGlobals) = postSolution
		SolutionGuid = {87D05747-F145-4C48-BBDD-5F062989BC88}
	EndGlobalSection
EndGlobal
