
Microsoft Visual Studio Solution File, Format Version 12.00
# Visual Studio Version 17
VisualStudioVersion = 17.4.33213.308
MinimumVisualStudioVersion = 10.0.40219.1
Project("{FAE04EC0-301F-11D3-BF4B-00C04F79EFBC}") = "MyQueueNew", "MyQueueNew.csproj", "{45DAD6E4-70DD-49AD-AA08-2F54967C503C}"
EndProject
Global
	GlobalSection(SolutionConfigurationPlatforms) = preSolution
		Debug|Any CPU = Debug|Any CPU
		Release|Any CPU = Release|Any CPU
	EndGlobalSection
	GlobalSection(ProjectConfigurationPlatforms) = postSolution
		{45DAD6E4-70DD-49AD-AA08-2F54967C503C}.Debug|Any CPU.ActiveCfg = Debug|Any CPU
		{45DAD6E4-70DD-49AD-AA08-2F54967C503C}.Debug|Any CPU.Build.0 = Debug|Any CPU
		{45DAD6E4-70DD-49AD-AA08-2F54967C503C}.Release|Any CPU.ActiveCfg = Release|Any CPU
		{45DAD6E4-70DD-49AD-AA08-2F54967C503C}.Release|Any CPU.Build.0 = Release|Any CPU
	EndGlobalSection
	GlobalSection(SolutionProperties) = preSolution
		HideSolutionNode = FALSE
	EndGlobalSection
	GlobalSection(ExtensibilityGlobals) = postSolution
		SolutionGuid = {390BDCA1-CF6E-4D0E-B9F2-096589B27FE5}
	EndGlobalSection
EndGlobal
