
Microsoft Visual Studio Solution File, Format Version 12.00
# Visual Studio Version 17
VisualStudioVersion = 17.4.33213.308
MinimumVisualStudioVersion = 10.0.40219.1
Project("{FAE04EC0-301F-11D3-BF4B-00C04F79EFBC}") = "BracketConsole", "BracketConsole.csproj", "{2CC3D77A-9353-4F13-91CE-D670E35BDA5B}"
EndProject
Global
	GlobalSection(SolutionConfigurationPlatforms) = preSolution
		Debug|Any CPU = Debug|Any CPU
		Release|Any CPU = Release|Any CPU
	EndGlobalSection
	GlobalSection(ProjectConfigurationPlatforms) = postSolution
		{2CC3D77A-9353-4F13-91CE-D670E35BDA5B}.Debug|Any CPU.ActiveCfg = Debug|Any CPU
		{2CC3D77A-9353-4F13-91CE-D670E35BDA5B}.Debug|Any CPU.Build.0 = Debug|Any CPU
		{2CC3D77A-9353-4F13-91CE-D670E35BDA5B}.Release|Any CPU.ActiveCfg = Release|Any CPU
		{2CC3D77A-9353-4F13-91CE-D670E35BDA5B}.Release|Any CPU.Build.0 = Release|Any CPU
	EndGlobalSection
	GlobalSection(SolutionProperties) = preSolution
		HideSolutionNode = FALSE
	EndGlobalSection
	GlobalSection(ExtensibilityGlobals) = postSolution
		SolutionGuid = {994606AC-DE42-419D-9F67-6EBED400179D}
	EndGlobalSection
EndGlobal
